{
  "version": 1,
  "dependencies": {
    "native,Version=v0.0": {
      "Microsoft.Web.WebView2": {
        "type": "Direct",
        "requested": "[1.0.3296.44, 1.0.3296.44]",
        "resolved": "1.0.3296.44",
        "contentHash": "dDCbfdpka+X9TDpTqlJY1Ydz+BQ/KOYNtnJvXXqtBONe96rkwk9wZSLasw7yCo4NI1rXuDg2qAfDtV9K1vl8eg=="
      },
      "Microsoft.Windows.CppWinRT": {
        "type": "Direct",
        "requested": "[2.0.250303.1, 2.0.250303.1]",
        "resolved": "2.0.250303.1",
        "contentHash": "9ofajkdPu3wuic60KKXAyCgCCGMXTlyd8KEnCzY5hVwqS8o17zwDLrJElFRx7vEf/Tr/QF2uDNDYdsYlg6TKCw=="
      },
      "Microsoft.Windows.SDK.BuildTools": {
        "type": "Direct",
        "requested": "[10.0.26100.4188, 10.0.26100.4188]",
        "resolved": "10.0.26100.4188",
        "contentHash": "sjksqXKnxleoY9qvKPS/fsiGKZ8ZYjwDTfSQvfv6gETTtQQIqZRIhCZCZ+rgjFjS6ZVjjn7iRjT/X64v25IEyA=="
      },
      "Microsoft.WindowsAppSDK": {
        "type": "Direct",
        "requested": "[1.7.250606001, 1.7.250606001]",
        "resolved": "1.7.250606001",
        "contentHash": "LdMRw0HqGu/w0DQKDRaABdIuSL8GiRitHSMiHH3SAR715/mEiWtVWPRJKp0aMcQ6JiBBqkQVZgu71MeXmQipkw=="
      }
    }
  }
}